
Microsoft Visual Studio Solution File, Format Version 12.00
# Visual Studio Version 17
VisualStudioVersion = 17.5.33516.290
MinimumVisualStudioVersion = 10.0.40219.1
Project("{FAE04EC0-301F-11D3-BF4B-00C04F79EFBC}") = "Deliverable2Recap", "Deliverable2Recap\Deliverable2Recap.csproj", "{D067A488-0E2A-4515-9ADC-6C5CEBF26D34}"
EndProject
Global
	GlobalSection(SolutionConfigurationPlatforms) = preSolution
		Debug|Any CPU = Debug|Any CPU
		Release|Any CPU = Release|Any CPU
	EndGlobalSection
	GlobalSection(ProjectConfigurationPlatforms) = postSolution
		{D067A488-0E2A-4515-9ADC-6C5CEBF26D34}.Debug|Any CPU.ActiveCfg = Debug|Any CPU
		{D067A488-0E2A-4515-9ADC-6C5CEBF26D34}.Debug|Any CPU.Build.0 = Debug|Any CPU
		{D067A488-0E2A-4515-9ADC-6C5CEBF26D34}.Release|Any CPU.ActiveCfg = Release|Any CPU
		{D067A488-0E2A-4515-9ADC-6C5CEBF26D34}.Release|Any CPU.Build.0 = Release|Any CPU
	EndGlobalSection
	GlobalSection(SolutionProperties) = preSolution
		HideSolutionNode = FALSE
	EndGlobalSection
	GlobalSection(ExtensibilityGlobals) = postSolution
		SolutionGuid = {08EC9941-A9DB-478A-BA88-CC7ABBD7198B}
	EndGlobalSection
EndGlobal
